// !$*UTF8*$!
{
	archiveVersion = 1;
	classes = {
	};
	objectVersion = 46;
	objects = {

/* Begin PBXBuildFile section */
		9BB95F521C429A5C00EAC33C /* AppDelegate.swift in Sources */ = {isa = PBXBuildFile; fileRef = 9BB95F511C429A5C00EAC33C /* AppDelegate.swift */; };
		9BB95F541C429A5C00EAC33C /* ViewController.swift in Sources */ = {isa = PBXBuildFile; fileRef = 9BB95F531C429A5C00EAC33C /* ViewController.swift */; };
		9BB95F571C429A5C00EAC33C /* Main.storyboard in Resources */ = {isa = PBXBuildFile; fileRef = 9BB95F551C429A5C00EAC33C /* Main.storyboard */; };
		9BB95F591C429A5C00EAC33C /* Assets.xcassets in Resources */ = {isa = PBXBuildFile; fileRef = 9BB95F581C429A5C00EAC33C /* Assets.xcassets */; };
		9BB95F5C1C429A5C00EAC33C /* LaunchScreen.storyboard in Resources */ = {isa = PBXBuildFile; fileRef = 9BB95F5A1C429A5C00EAC33C /* LaunchScreen.storyboard */; };
		9BB95FB81C434E8800EAC33C /* ApiManager.swift in Sources */ = {isa = PBXBuildFile; fileRef = 9BB95FB71C434E8800EAC33C /* ApiManager.swift */; };
/* End PBXBuildFile section */

/* Begin PBXFileReference section */
		9B19C7131C45F014001B61A3 /* MyPlayground.playground */ = {isa = PBXFileReference; lastKnownFileType = file.playground; path = MyPlayground.playground; sourceTree = "<group>"; };
		9BB95F4E1C429A5C00EAC33C /* MySwiftPlayground.app */ = {isa = PBXFileReference; explicitFileType = wrapper.application; includeInIndex = 0; path = MySwiftPlayground.app; sourceTree = BUILT_PRODUCTS_DIR; };
		9BB95F511C429A5C00EAC33C /* AppDelegate.swift */ = {isa = PBXFileReference; lastKnownFileType = sourcecode.swift; path = AppDelegate.swift; sourceTree = "<group>"; };
		9BB95F531C429A5C00EAC33C /* ViewController.swift */ = {isa = PBXFileReference; lastKnownFileType = sourcecode.swift; path = ViewController.swift; sourceTree = "<group>"; };
		9BB95F561C429A5C00EAC33C /* Base */ = {isa = PBXFileReference; lastKnownFileType = file.storyboard; name = Base; path = Base.lproj/Main.storyboard; sourceTree = "<group>"; };
		9BB95F581C429A5C00EAC33C /* Assets.xcassets */ = {isa = PBXFileReference; lastKnownFileType = folder.assetcatalog; path = Assets.xcassets; sourceTree = "<group>"; };
		9BB95F5B1C429A5C00EAC33C /* Base */ = {isa = PBXFileReference; lastKnownFileType = file.storyboard; name = Base; path = Base.lproj/LaunchScreen.storyboard; sourceTree = "<group>"; };
		9BB95F5D1C429A5C00EAC33C /* Info.plist */ = {isa = PBXFileReference; lastKnownFileType = text.plist.xml; path = Info.plist; sourceTree = "<group>"; };
		9BB95FB71C434E8800EAC33C /* ApiManager.swift */ = {isa = PBXFileReference; fileEncoding = 4; lastKnownFileType = sourcecode.swift; path = ApiManager.swift; sourceTree = "<group>"; };
/* End PBXFileReference section */

/* Begin PBXFrameworksBuildPhase section */
		9BB95F4B1C429A5C00EAC33C /* Frameworks */ = {
			isa = PBXFrameworksBuildPhase;
			buildActionMask = 2147483647;
			files = (
			);
			runOnlyForDeploymentPostprocessing = 0;
		};
/* End PBXFrameworksBuildPhase section */

/* Begin PBXGroup section */
		9BB95F451C429A5C00EAC33C = {
			isa = PBXGroup;
			children = (
				9BB95F501C429A5C00EAC33C /* MySwiftPlayground */,
				9BB95F4F1C429A5C00EAC33C /* Products */,
			);
			sourceTree = "<group>";
		};
		9BB95F4F1C429A5C00EAC33C /* Products */ = {
			isa = PBXGroup;
			children = (
				9BB95F4E1C429A5C00EAC33C /* MySwiftPlayground.app */,
			);
			name = Products;
			sourceTree = "<group>";
		};
		9BB95F501C429A5C00EAC33C /* MySwiftPlayground */ = {
			isa = PBXGroup;
			children = (
				9BB95F511C429A5C00EAC33C /* AppDelegate.swift */,
				9BB95F531C429A5C00EAC33C /* ViewController.swift */,
				9B19C7131C45F014001B61A3 /* MyPlayground.playground */,
				9BB95FB71C434E8800EAC33C /* ApiManager.swift */,
				9BB95F551C429A5C00EAC33C /* Main.storyboard */,
				9BB95F581C429A5C00EAC33C /* Assets.xcassets */,
				9BB95F5A1C429A5C00EAC33C /* LaunchScreen.storyboard */,
				9BB95F5D1C429A5C00EAC33C /* Info.plist */,
			);
			path = MySwiftPlayground;
			sourceTree = "<group>";
		};
/* End PBXGroup section */

/* Begin PBXNativeTarget section */
		9BB95F4D1C429A5C00EAC33C /* MySwiftPlayground */ = {
			isa = PBXNativeTarget;
			buildConfigurationList = 9BB95F601C429A5C00EAC33C /* Build configuration list for PBXNativeTarget "MySwiftPlayground" */;
			buildPhases = (
				9BB95F4A1C429A5C00EAC33C /* Sources */,
				9BB95F4B1C429A5C00EAC33C /* Frameworks */,
				9BB95F4C1C429A5C00EAC33C /* Resources */,
			);
			buildRules = (
			);
			dependencies = (
			);
			name = MySwiftPlayground;
			productName = MySwiftPlayground;
			productReference = 9BB95F4E1C429A5C00EAC33C /* MySwiftPlayground.app */;
			productType = "com.apple.product-type.application";
		};
/* End PBXNativeTarget section */

/* Begin PBXProject section */
		9BB95F461C429A5C00EAC33C /* Project object */ = {
			isa = PBXProject;
			attributes = {
				LastSwiftUpdateCheck = 0720;
				LastUpgradeCheck = 0720;
				ORGANIZATIONNAME = erickson;
				TargetAttributes = {
					9BB95F4D1C429A5C00EAC33C = {
						CreatedOnToolsVersion = 7.2;
						DevelopmentTeam = 4J73E9V92G;
					};
				};
			};
			buildConfigurationList = 9BB95F491C429A5C00EAC33C /* Build configuration list for PBXProject "MySwiftPlayground" */;
			compatibilityVersion = "Xcode 3.2";
			developmentRegion = English;
			hasScannedForEncodings = 0;
			knownRegions = (
				en,
				Base,
			);
			mainGroup = 9BB95F451C429A5C00EAC33C;
			productRefGroup = 9BB95F4F1C429A5C00EAC33C /* Products */;
			projectDirPath = "";
			projectRoot = "";
			targets = (
				9BB95F4D1C429A5C00EAC33C /* MySwiftPlayground */,
			);
		};
/* End PBXProject section */

/* Begin PBXResourcesBuildPhase section */
		9BB95F4C1C429A5C00EAC33C /* Resources */ = {
			isa = PBXResourcesBuildPhase;
			buildActionMask = 2147483647;
			files = (
				9BB95F5C1C429A5C00EAC33C /* LaunchScreen.storyboard in Resources */,
				9BB95F591C429A5C00EAC33C /* Assets.xcassets in Resources */,
				9BB95F571C429A5C00EAC33C /* Main.storyboard in Resources */,
			);
			runOnlyForDeploymentPostprocessing = 0;
		};
/* End PBXResourcesBuildPhase section */

/* Begin PBXSourcesBuildPhase section */
		9BB95F4A1C429A5C00EAC33C /* Sources */ = {
			isa = PBXSourcesBuildPhase;
			buildActionMask = 2147483647;
			files = (
				9BB95F541C429A5C00EAC33C /* ViewController.swift in Sources */,
				9BB95FB81C434E8800EAC33C /* ApiManager.swift in Sources */,
				9BB95F521C429A5C00EAC33C /* AppDelegate.swift in Sources */,
			);
			runOnlyForDeploymentPostprocessing = 0;
		};
/* End PBXSourcesBuildPhase section */

/* Begin PBXVariantGroup section */
		9BB95F551C429A5C00EAC33C /* Main.storyboard */ = {
			isa = PBXVariantGroup;
			children = (
				9BB95F561C429A5C00EAC33C /* Base */,
			);
			name = Main.storyboard;
			sourceTree = "<group>";
		};
		9BB95F5A1C429A5C00EAC33C /* LaunchScreen.storyboard */ = {
			isa = PBXVariantGroup;
			children = (
				9BB95F5B1C429A5C00EAC33C /* Base */,
			);
			name = LaunchScreen.storyboard;
			sourceTree = "<group>";
		};
/* End PBXVariantGroup section */

/* Begin XCBuildConfiguration section */
		9BB95F5E1C429A5C00EAC33C /* Debug */ = {
			isa = XCBuildConfiguration;
			buildSettings = {
				ALWAYS_SEARCH_USER_PATHS = NO;
				CLANG_CXX_LANGUAGE_STANDARD = "gnu++0x";
				CLANG_CXX_LIBRARY = "libc++";
				CLANG_ENABLE_MODULES = YES;
				CLANG_ENABLE_OBJC_ARC = YES;
				CLANG_WARN_BOOL_CONVERSION = YES;
				CLANG_WARN_CONSTANT_CONVERSION = YES;
				CLANG_WARN_DIRECT_OBJC_ISA_USAGE = YES_ERROR;
				CLANG_WARN_EMPTY_BODY = YES;
				CLANG_WARN_ENUM_CONVERSION = YES;
				CLANG_WARN_INT_CONVERSION = YES;
				CLANG_WARN_OBJC_ROOT_CLASS = YES_ERROR;
				CLANG_WARN_UNREACHABLE_CODE = YES;
				CLANG_WARN__DUPLICATE_METHOD_MATCH = YES;
				"CODE_SIGN_IDENTITY[sdk=iphoneos*]" = "iPhone Developer";
				COPY_PHASE_STRIP = NO;
				DEBUG_INFORMATION_FORMAT = dwarf;
				ENABLE_STRICT_OBJC_MSGSEND = YES;
				ENABLE_TESTABILITY = YES;
				GCC_C_LANGUAGE_STANDARD = gnu99;
				GCC_DYNAMIC_NO_PIC = NO;
				GCC_NO_COMMON_BLOCKS = YES;
				GCC_OPTIMIZATION_LEVEL = 0;
				GCC_PREPROCESSOR_DEFINITIONS = (
					"DEBUG=1",
					"$(inherited)",
				);
				GCC_WARN_64_TO_32_BIT_CONVERSION = YES;
				GCC_WARN_ABOUT_RETURN_TYPE = YES_ERROR;
				GCC_WARN_UNDECLARED_SELECTOR = YES;
				GCC_WARN_UNINITIALIZED_AUTOS = YES_AGGRESSIVE;
				GCC_WARN_UNUSED_FUNCTION = YES;
				GCC_WARN_UNUSED_VARIABLE = YES;
				IPHONEOS_DEPLOYMENT_TARGET = 9.2;
				MTL_ENABLE_DEBUG_INFO = YES;
				ONLY_ACTIVE_ARCH = YES;
				SDKROOT = iphoneos;
				SWIFT_OPTIMIZATION_LEVEL = "-Onone";
				TARGETED_DEVICE_FAMILY = "1,2";
			};
			name = Debug;
		};
		9BB95F5F1C429A5C00EAC33C /* Release */ = {
			isa = XCBuildConfiguration;
			buildSettings = {
				ALWAYS_SEARCH_USER_PATHS = NO;
				CLANG_CXX_LANGUAGE_STANDARD = "gnu++0x";
				CLANG_CXX_LIBRARY = "libc++";
				CLANG_ENABLE_MODULES = YES;
				CLANG_ENABLE_OBJC_ARC = YES;
				CLANG_WARN_BOOL_CONVERSION = YES;
				CLANG_WARN_CONSTANT_CONVERSION = YES;
				CLANG_WARN_DIRECT_OBJC_ISA_USAGE = YES_ERROR;
				CLANG_WARN_EMPTY_BODY = YES;
				CLANG_WARN_ENUM_CONVERSION = YES;
				CLANG_WARN_INT_CONVERSION = YES;
				CLANG_WARN_OBJC_ROOT_CLASS = YES_ERROR;
				CLANG_WARN_UNREACHABLE_CODE = YES;
				CLANG_WARN__DUPLICATE_METHOD_MATCH = YES;
				"CODE_SIGN_IDENTITY[sdk=iphoneos*]" = "iPhone Developer";
				COPY_PHASE_STRIP = NO;
				DEBUG_INFORMATION_FORMAT = "dwarf-with-dsym";
				ENABLE_NS_ASSERTIONS = NO;
				ENABLE_STRICT_OBJC_MSGSEND = YES;
				GCC_C_LANGUAGE_STANDARD = gnu99;
				GCC_NO_COMMON_BLOCKS = YES;
				GCC_WARN_64_TO_32_BIT_CONVERSION = YES;
				GCC_WARN_ABOUT_RETURN_TYPE = YES_ERROR;
				GCC_WARN_UNDECLARED_SELECTOR = YES;
				GCC_WARN_UNINITIALIZED_AUTOS = YES_AGGRESSIVE;
				GCC_WARN_UNUSED_FUNCTION = YES;
				GCC_WARN_UNUSED_VARIABLE = YES;
				IPHONEOS_DEPLOYMENT_TARGET = 9.2;
				MTL_ENABLE_DEBUG_INFO = NO;
				SDKROOT = iphoneos;
				TARGETED_DEVICE_FAMILY = "1,2";
				VALIDATE_PRODUCT = YES;
			};
			name = Release;
		};
		9BB95F611C429A5C00EAC33C /* Debug */ = {
			isa = XCBuildConfiguration;
			buildSettings = {
				ASSETCATALOG_COMPILER_APPICON_NAME = AppIcon;
				INFOPLIST_FILE = MySwiftPlayground/Info.plist;
				LD_RUNPATH_SEARCH_PATHS = "$(inherited) @executable_path/Frameworks";
				PRODUCT_BUNDLE_IDENTIFIER = com.erickson.MySwiftPlayground;
				PRODUCT_NAME = "$(TARGET_NAME)";
			};
			name = Debug;
		};
		9BB95F621C429A5C00EAC33C /* Release */ = {
			isa = XCBuildConfiguration;
			buildSettings = {
				ASSETCATALOG_COMPILER_APPICON_NAME = AppIcon;
				INFOPLIST_FILE = MySwiftPlayground/Info.plist;
				LD_RUNPATH_SEARCH_PATHS = "$(inherited) @executable_path/Frameworks";
				PRODUCT_BUNDLE_IDENTIFIER = com.erickson.MySwiftPlayground;
				PRODUCT_NAME = "$(TARGET_NAME)";
			};
			name = Release;
		};
/* End XCBuildConfiguration section */

/* Begin XCConfigurationList section */
		9BB95F491C429A5C00EAC33C /* Build configuration list for PBXProject "MySwiftPlayground" */ = {
			isa = XCConfigurationList;
			buildConfigurations = (
				9BB95F5E1C429A5C00EAC33C /* Debug */,
				9BB95F5F1C429A5C00EAC33C /* Release */,
			);
			defaultConfigurationIsVisible = 0;
			defaultConfigurationName = Release;
		};
		9BB95F601C429A5C00EAC33C /* Build configuration list for PBXNativeTarget "MySwiftPlayground" */ = {
			isa = XCConfigurationList;
			buildConfigurations = (
				9BB95F611C429A5C00EAC33C /* Debug */,
				9BB95F621C429A5C00EAC33C /* Release */,
			);
			defaultConfigurationIsVisible = 0;
			defaultConfigurationName = Release;
		};
/* End XCConfigurationList section */
	};
	rootObject = 9BB95F461C429A5C00EAC33C /* Project object */;
}
